# This file is autogenerated, do not edit; changes may be undone by the next 'dep ensure'.


[[projects]]
  name = "github.com/gcinterceptor/gci-go"
  packages = ["httphandler"]
  revision = "8390b3489ca0901e4d2ef65e2df329152c075844"
  version = "0.5"

[[projects]]
  name = "github.com/kelseyhightower/envconfig"
  packages = ["."]
  revision = "f611eb38b3875cc3bd991ca91c51d06446afa14c"
  version = "v1.3.0"

[solve-meta]
  analyzer-name = "dep"
  analyzer-version = 1
  inputs-digest = "ef45a105a471e9cebe64945de7023ae789c98de9bad2d604690eebbfd410f783"
  solver-name = "gps-cdcl"
  solver-version = 1
